{
  "projects": [
    {
      "projectId": "v6GVasCmjcoJpKZhA57bGQ",
      "version": "latest",
      "dependencies": {},
      "lang": "ts",
      "fileLocks": [
        {
          "type": "globalVariant",
          "assetId": "hQ7AB2tDFXBfTk",
          "checksum": "b896fd0597937a0d9f86d308c5d5ab8e"
        },
        {
          "assetId": "v6GVasCmjcoJpKZhA57bGQ",
          "type": "projectCss",
          "checksum": "67ebdb7e8d639a291b43b16e12c836ee"
        },
        {
          "type": "renderModule",
          "assetId": "bMGUQ9TxBPsJI",
          "checksum": "21c9692f957ae9b0300606fd4da97df0"
        },
        {
          "type": "cssRules",
          "assetId": "bMGUQ9TxBPsJI",
          "checksum": "21c9692f957ae9b0300606fd4da97df0"
        },
        {
          "type": "renderModule",
          "assetId": "NxycUbS85IVXb2",
          "checksum": "b35f6a67f8417c4a8e763a5de0405c89"
        },
        {
          "type": "cssRules",
          "assetId": "NxycUbS85IVXb2",
          "checksum": "b35f6a67f8417c4a8e763a5de0405c89"
        },
        {
          "type": "renderModule",
          "assetId": "aut6KnfbkQmpXP",
          "checksum": "36d4f98e689384a2a58ad3baa57ce3ee"
        },
        {
          "type": "cssRules",
          "assetId": "aut6KnfbkQmpXP",
          "checksum": "36d4f98e689384a2a58ad3baa57ce3ee"
        },
        {
          "type": "renderModule",
          "assetId": "-P5pSOuII0lcb0",
          "checksum": "66d62be95906deffaf1ea1b670b3ad6e"
        },
        {
          "type": "cssRules",
          "assetId": "-P5pSOuII0lcb0",
          "checksum": "66d62be95906deffaf1ea1b670b3ad6e"
        },
        {
          "type": "icon",
          "assetId": "kmDjyMAgVxdWnp",
          "checksum": "1b05f4a5eac589363f4316e4595ffa7e"
        },
        {
          "type": "icon",
          "assetId": "xC6wd-RwyfrRRO",
          "checksum": "a5ed14ba192593dd99d8c54a98e129b8"
        },
        {
          "type": "icon",
          "assetId": "nC87V1RHuk2YHN",
          "checksum": "4e3a3fb04658c08138a8796aa48552a7"
        },
        {
          "type": "icon",
          "assetId": "g5n2w-1z_-9-Sj",
          "checksum": "471eeead522dbd152654b747f40dadab"
        },
        {
          "type": "icon",
          "assetId": "Fk5288U_uFssAu",
          "checksum": "e993d47c2cb546e12164f16536b6438a"
        },
        {
          "type": "icon",
          "assetId": "CwA3UD-RV58tdb",
          "checksum": "c813f7f8a893f5e06f35cc2157b0b01b"
        },
        {
          "type": "icon",
          "assetId": "28ccL-rkNGYuT4",
          "checksum": "317338c50b865389d48bf99d8efade92"
        },
        {
          "type": "icon",
          "assetId": "3m4uVCB_20TDjx",
          "checksum": "335370fd8a62e0427f63940d4eee1eb6"
        },
        {
          "type": "image",
          "assetId": "vW3KzLmRPxtfPJ",
          "checksum": "bb88ff97ad75679018324d6609442eef"
        },
        {
          "type": "image",
          "assetId": "fHDpmokJlmADc3",
          "checksum": "62378eb38872692939a18f021cb48938"
        },
        {
          "type": "image",
          "assetId": "H5mtBzbSRWU4Dd",
          "checksum": "e2030883ba137b4608c424a3f20d96db"
        },
        {
          "type": "image",
          "assetId": "eusitwKTDIHgsJ",
          "checksum": "cbe8ee7cad23a11bc80a7db16615263b"
        },
        {
          "type": "image",
          "assetId": "O4imepXkoZWJOi",
          "checksum": "8b8bdf28783d66e0621223aad2920fd8"
        },
        {
          "type": "image",
          "assetId": "R_ENkfrLu_gg-b",
          "checksum": "86c8339055f6c7391b29a9fa4d731550"
        },
        {
          "type": "image",
          "assetId": "4NYna5PSxPBXc4",
          "checksum": "566be6c5c1dac147dc59ee104d32719a"
        },
        {
          "type": "image",
          "assetId": "5njuOgmv_cLrd3",
          "checksum": "e061dfc7ce0201f8505147e872d9da06"
        },
        {
          "type": "image",
          "assetId": "chgI7uNREzXiG5",
          "checksum": "a58bf71de0a33095aa74ce7f2588c67d"
        },
        {
          "type": "image",
          "assetId": "jGmZPYcdoTvC6s",
          "checksum": "8e0cc3119c9eb37db232a1e2d4c324dd"
        },
        {
          "type": "image",
          "assetId": "t_Mi6XdIWNQr2q",
          "checksum": "ba969a9ce6e5d747ae101d4bf13c2dbe"
        },
        {
          "type": "image",
          "assetId": "QWMISuqsHPyd2K",
          "checksum": "c666da38c7830e15cc51a64fb33bae04"
        },
        {
          "type": "image",
          "assetId": "5g4KfhlOXhCMDH",
          "checksum": "060006c8fc54f6ddddae6ee7627fedb6"
        },
        {
          "type": "image",
          "assetId": "CcSvdvdjqCI6k0",
          "checksum": "284c30310ad22d87ce1901230d5f8786"
        },
        {
          "type": "image",
          "assetId": "ev0igRn5GyOzum",
          "checksum": "1458577c0ea9ce2ccdeb76c804097511"
        },
        {
          "type": "image",
          "assetId": "lQikgY-UGBeu17",
          "checksum": "05069854c4294488dec10a3bbe504617"
        },
        {
          "type": "image",
          "assetId": "w5ZvFLoqAuH8zu",
          "checksum": "e00b8db46a87bce8b86a5d4acd73c076"
        },
        {
          "type": "image",
          "assetId": "2X2e0iGuunMaBS",
          "checksum": "2a101f08097d291cf2e9536735a2da4d"
        },
        {
          "type": "image",
          "assetId": "sYRQ6vrcDCIGse",
          "checksum": "29d99bacd19666351cee662a5c7e4575"
        },
        {
          "type": "image",
          "assetId": "9Yh6cNw0rwm923",
          "checksum": "692d71bfae526f638aa7f060f399f1f0"
        },
        {
          "type": "image",
          "assetId": "Hu-d76ElHmSPNx",
          "checksum": "1d0818b2c1fcb9d40c2cf528f058a608"
        },
        {
          "type": "image",
          "assetId": "oJLNQAR6Omq3Ik",
          "checksum": "3aa25ef180f39063d017f65efb569d48"
        },
        {
          "type": "image",
          "assetId": "Tu8coqvJGCAxPW",
          "checksum": "b7ae48a71fbdc4996a4890d134a85a8a"
        },
        {
          "type": "image",
          "assetId": "81AQlsDnuyhwX8",
          "checksum": "6d179d0f11539ce64befe0edc841b980"
        },
        {
          "type": "image",
          "assetId": "dvkPnAIh2dKx4-",
          "checksum": "92a2f17abe08459becd85009be60909f"
        },
        {
          "type": "image",
          "assetId": "1J_n5OB5G45R0b",
          "checksum": "b65faf543e737fc77bbe360b62fea348"
        },
        {
          "type": "image",
          "assetId": "FlN99zYSevQEPk",
          "checksum": "d9dc8f90d33079a63e2f9b5b32a4565e"
        },
        {
          "type": "image",
          "assetId": "0dNwdJNk1gsZ6L",
          "checksum": "77526ae43bc258250ec6dc87e1d052f6"
        },
        {
          "type": "image",
          "assetId": "SmMYIWKuy6Mx2w",
          "checksum": "4de9d58ebdf4382498ac828dd6fa5e07"
        },
        {
          "type": "image",
          "assetId": "BzWqC9Wf0O9aac",
          "checksum": "369d7421d69b5788db6d1abd24d61508"
        },
        {
          "type": "image",
          "assetId": "aU4PFP_xaJ-5c-",
          "checksum": "5032f2e3b9e4890ebc2ad685f3b33cda"
        },
        {
          "type": "image",
          "assetId": "PgZeWenK85aS61",
          "checksum": "ffdd3d272b9fbb59da19737cf998796b"
        },
        {
          "type": "image",
          "assetId": "6ey-EFjs-YP6oR",
          "checksum": "860dc846b5b398f05e98fa1c3732bcca"
        },
        {
          "type": "image",
          "assetId": "7zFVyimedNqLuU",
          "checksum": "5f07991b2536a0a3d497386f396fcc18"
        },
        {
          "type": "image",
          "assetId": "X5uGZRZkaynrZB",
          "checksum": "63db4d09b53125161ba48889cae31e20"
        },
        {
          "type": "image",
          "assetId": "a5fQ5ys0DesmI6",
          "checksum": "bc1916c4f375b1418df6021230911303"
        },
        {
          "type": "image",
          "assetId": "LEji5TGOWy5iwE",
          "checksum": "e2bc3f158e43e0c07e8a059a7f523745"
        },
        {
          "type": "image",
          "assetId": "czYG5poath6Isk",
          "checksum": "0e8e067d5b14f87224c79bbaedb3a260"
        },
        {
          "type": "image",
          "assetId": "r-hAZFR1kctwZI",
          "checksum": "599d7907b1e55ddbc8f688eac5dd6fe9"
        },
        {
          "type": "image",
          "assetId": "-_A5RNglaYPAIz",
          "checksum": "5a2bc9014b21b8d6be8350488b7bd63c"
        },
        {
          "type": "image",
          "assetId": "YLu1ZqBP2Hi14f",
          "checksum": "52886295a0b4369870baf08bb2c396cc"
        },
        {
          "type": "image",
          "assetId": "48YM0ASJt",
          "checksum": "87cb3431bc7a0f80167ca657f5adc91e"
        },
        {
          "type": "image",
          "assetId": "wDk_f63kd",
          "checksum": "1a7cc665186c1f553315547bc3d14e4d"
        },
        {
          "type": "image",
          "assetId": "MsKyBn__0",
          "checksum": "09ed22232413ec7e25330b886e9bef79"
        },
        {
          "type": "image",
          "assetId": "kGPZ85lvr",
          "checksum": "14e5464bf53ac8f1bd65b5c72caab64b"
        },
        {
          "type": "image",
          "assetId": "TNB9jijL0",
          "checksum": "a560979c74425c93a07ca3c34bce9789"
        },
        {
          "type": "image",
          "assetId": "LFCaLi_lJ",
          "checksum": "0d43b862ff93dde6a26f90d6e76f9bd4"
        },
        {
          "type": "image",
          "assetId": "M6dL76plw",
          "checksum": "b5b6c190a8f246785a1b5515407c9a53"
        },
        {
          "type": "image",
          "assetId": "Bvihr7nkd",
          "checksum": "96c5f0c268cbe29ac70ebf09b745fd5c"
        },
        {
          "type": "image",
          "assetId": "fRiBmPIRi",
          "checksum": "4d4e5ff5f92b2f2e030d45e90cdac40e"
        },
        {
          "type": "image",
          "assetId": "YdfyGchLz",
          "checksum": "8bf4751de8bcdbadec8ff9e018b74835"
        },
        {
          "type": "image",
          "assetId": "FKwvr8g3O",
          "checksum": "2f720c3d6bc8dcbf70b9610e8f6ab1f8"
        },
        {
          "type": "image",
          "assetId": "3wfkdwfYD",
          "checksum": "837dcf9494f7581a5c1c818ba804d18d"
        },
        {
          "type": "image",
          "assetId": "uuAWmrS9u",
          "checksum": "de0b2ca69bb0d8710839c621a954a082"
        },
        {
          "type": "image",
          "assetId": "8lfy8rZCU",
          "checksum": "59ec124191bd5507692173eaeed2fd5a"
        },
        {
          "type": "image",
          "assetId": "2fGRQMCyh",
          "checksum": "02eeb95c745ccbd002d1abc73489036e"
        }
      ],
      "codegenVersion": "0.0.1"
    }
  ],
  "cliVersion": "0.1.184"
}
